// !$*UTF8*$!
{
	archiveVersion = 1;
	classes = {
	};
	objectVersion = 56;
	objects = {

/* Begin PBXBuildFile section */
		0345E1402A38EA3A006B6B34 /* CalloriesMeApp.swift in Sources */ = {isa = PBXBuildFile; fileRef = 0345E13F2A38EA3A006B6B34 /* CalloriesMeApp.swift */; };
		0345E1422A38EA3A006B6B34 /* ContentView.swift in Sources */ = {isa = PBXBuildFile; fileRef = 0345E1412A38EA3A006B6B34 /* ContentView.swift */; };
		0345E1442A38EA3B006B6B34 /* Assets.xcassets in Resources */ = {isa = PBXBuildFile; fileRef = 0345E1432A38EA3B006B6B34 /* Assets.xcassets */; };
		0345E1472A38EA3B006B6B34 /* Preview Assets.xcassets in Resources */ = {isa = PBXBuildFile; fileRef = 0345E1462A38EA3B006B6B34 /* Preview Assets.xcassets */; };
		0345E1502A38EAE8006B6B34 /* FoodModel.xcdatamodeld in Sources */ = {isa = PBXBuildFile; fileRef = 0345E14E2A38EAE8006B6B34 /* FoodModel.xcdatamodeld */; };
		0345E1522A38EC0F006B6B34 /* DataController.swift in Sources */ = {isa = PBXBuildFile; fileRef = 0345E1512A38EC0F006B6B34 /* DataController.swift */; };
		0345E1562A38EED1006B6B34 /* AddFoodView.swift in Sources */ = {isa = PBXBuildFile; fileRef = 0345E1552A38EED1006B6B34 /* AddFoodView.swift */; };
		0345E1582A38F060006B6B34 /* TimeFormatting.swift in Sources */ = {isa = PBXBuildFile; fileRef = 0345E1572A38F060006B6B34 /* TimeFormatting.swift */; };
		0345E15A2A38F491006B6B34 /* EditFoodView.swift in Sources */ = {isa = PBXBuildFile; fileRef = 0345E1592A38F491006B6B34 /* EditFoodView.swift */; };
/* End PBXBuildFile section */

/* Begin PBXFileReference section */
		0345E13C2A38EA3A006B6B34 /* CalloriesMe.app */ = {isa = PBXFileReference; explicitFileType = wrapper.application; includeInIndex = 0; path = CalloriesMe.app; sourceTree = BUILT_PRODUCTS_DIR; };
		0345E13F2A38EA3A006B6B34 /* CalloriesMeApp.swift */ = {isa = PBXFileReference; lastKnownFileType = sourcecode.swift; path = CalloriesMeApp.swift; sourceTree = "<group>"; };
		0345E1412A38EA3A006B6B34 /* ContentView.swift */ = {isa = PBXFileReference; lastKnownFileType = sourcecode.swift; path = ContentView.swift; sourceTree = "<group>"; };
		0345E1432A38EA3B006B6B34 /* Assets.xcassets */ = {isa = PBXFileReference; lastKnownFileType = folder.assetcatalog; path = Assets.xcassets; sourceTree = "<group>"; };
		0345E1462A38EA3B006B6B34 /* Preview Assets.xcassets */ = {isa = PBXFileReference; lastKnownFileType = folder.assetcatalog; path = "Preview Assets.xcassets"; sourceTree = "<group>"; };
		0345E14F2A38EAE8006B6B34 /* FoodModel.xcdatamodel */ = {isa = PBXFileReference; lastKnownFileType = wrapper.xcdatamodel; path = FoodModel.xcdatamodel; sourceTree = "<group>"; };
		0345E1512A38EC0F006B6B34 /* DataController.swift */ = {isa = PBXFileReference; lastKnownFileType = sourcecode.swift; path = DataController.swift; sourceTree = "<group>"; };
		0345E1552A38EED1006B6B34 /* AddFoodView.swift */ = {isa = PBXFileReference; lastKnownFileType = sourcecode.swift; path = AddFoodView.swift; sourceTree = "<group>"; };
		0345E1572A38F060006B6B34 /* TimeFormatting.swift */ = {isa = PBXFileReference; lastKnownFileType = sourcecode.swift; path = TimeFormatting.swift; sourceTree = "<group>"; };
		0345E1592A38F491006B6B34 /* EditFoodView.swift */ = {isa = PBXFileReference; lastKnownFileType = sourcecode.swift; path = EditFoodView.swift; sourceTree = "<group>"; };
/* End PBXFileReference section */

/* Begin PBXFrameworksBuildPhase section */
		0345E1392A38EA3A006B6B34 /* Frameworks */ = {
			isa = PBXFrameworksBuildPhase;
			buildActionMask = 2147483647;
			files = (
			);
			runOnlyForDeploymentPostprocessing = 0;
		};
/* End PBXFrameworksBuildPhase section */

/* Begin PBXGroup section */
		0345E1332A38EA3A006B6B34 = {
			isa = PBXGroup;
			children = (
				0345E13E2A38EA3A006B6B34 /* CalloriesMe */,
				0345E13D2A38EA3A006B6B34 /* Products */,
			);
			sourceTree = "<group>";
		};
		0345E13D2A38EA3A006B6B34 /* Products */ = {
			isa = PBXGroup;
			children = (
				0345E13C2A38EA3A006B6B34 /* CalloriesMe.app */,
			);
			name = Products;
			sourceTree = "<group>";
		};
		0345E13E2A38EA3A006B6B34 /* CalloriesMe */ = {
			isa = PBXGroup;
			children = (
				0345E13F2A38EA3A006B6B34 /* CalloriesMeApp.swift */,
				0345E1542A38EE54006B6B34 /* Helpers */,
				0345E1532A38EE2E006B6B34 /* Views */,
				0345E14D2A38EA9D006B6B34 /* DataModels */,
				0345E1432A38EA3B006B6B34 /* Assets.xcassets */,
				0345E1452A38EA3B006B6B34 /* Preview Content */,
			);
			path = CalloriesMe;
			sourceTree = "<group>";
		};
		0345E1452A38EA3B006B6B34 /* Preview Content */ = {
			isa = PBXGroup;
			children = (
				0345E1462A38EA3B006B6B34 /* Preview Assets.xcassets */,
			);
			path = "Preview Content";
			sourceTree = "<group>";
		};
		0345E14D2A38EA9D006B6B34 /* DataModels */ = {
			isa = PBXGroup;
			children = (
				0345E14E2A38EAE8006B6B34 /* FoodModel.xcdatamodeld */,
				0345E1512A38EC0F006B6B34 /* DataController.swift */,
			);
			path = DataModels;
			sourceTree = "<group>";
		};
		0345E1532A38EE2E006B6B34 /* Views */ = {
			isa = PBXGroup;
			children = (
				0345E1412A38EA3A006B6B34 /* ContentView.swift */,
				0345E1552A38EED1006B6B34 /* AddFoodView.swift */,
				0345E1592A38F491006B6B34 /* EditFoodView.swift */,
			);
			path = Views;
			sourceTree = "<group>";
		};
		0345E1542A38EE54006B6B34 /* Helpers */ = {
			isa = PBXGroup;
			children = (
				0345E1572A38F060006B6B34 /* TimeFormatting.swift */,
			);
			path = Helpers;
			sourceTree = "<group>";
		};
/* End PBXGroup section */

/* Begin PBXNativeTarget section */
		0345E13B2A38EA3A006B6B34 /* CalloriesMe */ = {
			isa = PBXNativeTarget;
			buildConfigurationList = 0345E14A2A38EA3B006B6B34 /* Build configuration list for PBXNativeTarget "CalloriesMe" */;
			buildPhases = (
				0345E1382A38EA3A006B6B34 /* Sources */,
				0345E1392A38EA3A006B6B34 /* Frameworks */,
				0345E13A2A38EA3A006B6B34 /* Resources */,
			);
			buildRules = (
			);
			dependencies = (
			);
			name = CalloriesMe;
			productName = CalloriesMe;
			productReference = 0345E13C2A38EA3A006B6B34 /* CalloriesMe.app */;
			productType = "com.apple.product-type.application";
		};
/* End PBXNativeTarget section */

/* Begin PBXProject section */
		0345E1342A38EA3A006B6B34 /* Project object */ = {
			isa = PBXProject;
			attributes = {
				BuildIndependentTargetsInParallel = 1;
				LastSwiftUpdateCheck = 1430;
				LastUpgradeCheck = 1430;
				TargetAttributes = {
					0345E13B2A38EA3A006B6B34 = {
						CreatedOnToolsVersion = 14.3.1;
					};
				};
			};
			buildConfigurationList = 0345E1372A38EA3A006B6B34 /* Build configuration list for PBXProject "CalloriesMe" */;
			compatibilityVersion = "Xcode 14.0";
			developmentRegion = en;
			hasScannedForEncodings = 0;
			knownRegions = (
				en,
				Base,
			);
			mainGroup = 0345E1332A38EA3A006B6B34;
			productRefGroup = 0345E13D2A38EA3A006B6B34 /* Products */;
			projectDirPath = "";
			projectRoot = "";
			targets = (
				0345E13B2A38EA3A006B6B34 /* CalloriesMe */,
			);
		};
/* End PBXProject section */

/* Begin PBXResourcesBuildPhase section */
		0345E13A2A38EA3A006B6B34 /* Resources */ = {
			isa = PBXResourcesBuildPhase;
			buildActionMask = 2147483647;
			files = (
				0345E1472A38EA3B006B6B34 /* Preview Assets.xcassets in Resources */,
				0345E1442A38EA3B006B6B34 /* Assets.xcassets in Resources */,
			);
			runOnlyForDeploymentPostprocessing = 0;
		};
/* End PBXResourcesBuildPhase section */

/* Begin PBXSourcesBuildPhase section */
		0345E1382A38EA3A006B6B34 /* Sources */ = {
			isa = PBXSourcesBuildPhase;
			buildActionMask = 2147483647;
			files = (
				0345E1562A38EED1006B6B34 /* AddFoodView.swift in Sources */,
				0345E1422A38EA3A006B6B34 /* ContentView.swift in Sources */,
				0345E1522A38EC0F006B6B34 /* DataController.swift in Sources */,
				0345E1402A38EA3A006B6B34 /* CalloriesMeApp.swift in Sources */,
				0345E1502A38EAE8006B6B34 /* FoodModel.xcdatamodeld in Sources */,
				0345E15A2A38F491006B6B34 /* EditFoodView.swift in Sources */,
				0345E1582A38F060006B6B34 /* TimeFormatting.swift in Sources */,
			);
			runOnlyForDeploymentPostprocessing = 0;
		};
/* End PBXSourcesBuildPhase section */

/* Begin XCBuildConfiguration section */
		0345E1482A38EA3B006B6B34 /* Debug */ = {
			isa = XCBuildConfiguration;
			buildSettings = {
				ALWAYS_SEARCH_USER_PATHS = NO;
				CLANG_ANALYZER_NONNULL = YES;
				CLANG_ANALYZER_NUMBER_OBJECT_CONVERSION = YES_AGGRESSIVE;
				CLANG_CXX_LANGUAGE_STANDARD = "gnu++20";
				CLANG_ENABLE_MODULES = YES;
				CLANG_ENABLE_OBJC_ARC = YES;
				CLANG_ENABLE_OBJC_WEAK = YES;
				CLANG_WARN_BLOCK_CAPTURE_AUTORELEASING = YES;
				CLANG_WARN_BOOL_CONVERSION = YES;
				CLANG_WARN_COMMA = YES;
				CLANG_WARN_CONSTANT_CONVERSION = YES;
				CLANG_WARN_DEPRECATED_OBJC_IMPLEMENTATIONS = YES;
				CLANG_WARN_DIRECT_OBJC_ISA_USAGE = YES_ERROR;
				CLANG_WARN_DOCUMENTATION_COMMENTS = YES;
				CLANG_WARN_EMPTY_BODY = YES;
				CLANG_WARN_ENUM_CONVERSION = YES;
				CLANG_WARN_INFINITE_RECURSION = YES;
				CLANG_WARN_INT_CONVERSION = YES;
				CLANG_WARN_NON_LITERAL_NULL_CONVERSION = YES;
				CLANG_WARN_OBJC_IMPLICIT_RETAIN_SELF = YES;
				CLANG_WARN_OBJC_LITERAL_CONVERSION = YES;
				CLANG_WARN_OBJC_ROOT_CLASS = YES_ERROR;
				CLANG_WARN_QUOTED_INCLUDE_IN_FRAMEWORK_HEADER = YES;
				CLANG_WARN_RANGE_LOOP_ANALYSIS = YES;
				CLANG_WARN_STRICT_PROTOTYPES = YES;
				CLANG_WARN_SUSPICIOUS_MOVE = YES;
				CLANG_WARN_UNGUARDED_AVAILABILITY = YES_AGGRESSIVE;
				CLANG_WARN_UNREACHABLE_CODE = YES;
				CLANG_WARN__DUPLICATE_METHOD_MATCH = YES;
				COPY_PHASE_STRIP = NO;
				DEBUG_INFORMATION_FORMAT = dwarf;
				ENABLE_STRICT_OBJC_MSGSEND = YES;
				ENABLE_TESTABILITY = YES;
				GCC_C_LANGUAGE_STANDARD = gnu11;
				GCC_DYNAMIC_NO_PIC = NO;
				GCC_NO_COMMON_BLOCKS = YES;
				GCC_OPTIMIZATION_LEVEL = 0;
				GCC_PREPROCESSOR_DEFINITIONS = (
					"DEBUG=1",
					"$(inherited)",
				);
				GCC_WARN_64_TO_32_BIT_CONVERSION = YES;
				GCC_WARN_ABOUT_RETURN_TYPE = YES_ERROR;
				GCC_WARN_UNDECLARED_SELECTOR = YES;
				GCC_WARN_UNINITIALIZED_AUTOS = YES_AGGRESSIVE;
				GCC_WARN_UNUSED_FUNCTION = YES;
				GCC_WARN_UNUSED_VARIABLE = YES;
				IPHONEOS_DEPLOYMENT_TARGET = 16.4;
				MTL_ENABLE_DEBUG_INFO = INCLUDE_SOURCE;
				MTL_FAST_MATH = YES;
				ONLY_ACTIVE_ARCH = YES;
				SDKROOT = iphoneos;
				SWIFT_ACTIVE_COMPILATION_CONDITIONS = DEBUG;
				SWIFT_OPTIMIZATION_LEVEL = "-Onone";
			};
			name = Debug;
		};
		0345E1492A38EA3B006B6B34 /* Release */ = {
			isa = XCBuildConfiguration;
			buildSettings = {
				ALWAYS_SEARCH_USER_PATHS = NO;
				CLANG_ANALYZER_NONNULL = YES;
				CLANG_ANALYZER_NUMBER_OBJECT_CONVERSION = YES_AGGRESSIVE;
				CLANG_CXX_LANGUAGE_STANDARD = "gnu++20";
				CLANG_ENABLE_MODULES = YES;
				CLANG_ENABLE_OBJC_ARC = YES;
				CLANG_ENABLE_OBJC_WEAK = YES;
				CLANG_WARN_BLOCK_CAPTURE_AUTORELEASING = YES;
				CLANG_WARN_BOOL_CONVERSION = YES;
				CLANG_WARN_COMMA = YES;
				CLANG_WARN_CONSTANT_CONVERSION = YES;
				CLANG_WARN_DEPRECATED_OBJC_IMPLEMENTATIONS = YES;
				CLANG_WARN_DIRECT_OBJC_ISA_USAGE = YES_ERROR;
				CLANG_WARN_DOCUMENTATION_COMMENTS = YES;
				CLANG_WARN_EMPTY_BODY = YES;
				CLANG_WARN_ENUM_CONVERSION = YES;
				CLANG_WARN_INFINITE_RECURSION = YES;
				CLANG_WARN_INT_CONVERSION = YES;
				CLANG_WARN_NON_LITERAL_NULL_CONVERSION = YES;
				CLANG_WARN_OBJC_IMPLICIT_RETAIN_SELF = YES;
				CLANG_WARN_OBJC_LITERAL_CONVERSION = YES;
				CLANG_WARN_OBJC_ROOT_CLASS = YES_ERROR;
				CLANG_WARN_QUOTED_INCLUDE_IN_FRAMEWORK_HEADER = YES;
				CLANG_WARN_RANGE_LOOP_ANALYSIS = YES;
				CLANG_WARN_STRICT_PROTOTYPES = YES;
				CLANG_WARN_SUSPICIOUS_MOVE = YES;
				CLANG_WARN_UNGUARDED_AVAILABILITY = YES_AGGRESSIVE;
				CLANG_WARN_UNREACHABLE_CODE = YES;
				CLANG_WARN__DUPLICATE_METHOD_MATCH = YES;
				COPY_PHASE_STRIP = NO;
				DEBUG_INFORMATION_FORMAT = "dwarf-with-dsym";
				ENABLE_NS_ASSERTIONS = NO;
				ENABLE_STRICT_OBJC_MSGSEND = YES;
				GCC_C_LANGUAGE_STANDARD = gnu11;
				GCC_NO_COMMON_BLOCKS = YES;
				GCC_WARN_64_TO_32_BIT_CONVERSION = YES;
				GCC_WARN_ABOUT_RETURN_TYPE = YES_ERROR;
				GCC_WARN_UNDECLARED_SELECTOR = YES;
				GCC_WARN_UNINITIALIZED_AUTOS = YES_AGGRESSIVE;
				GCC_WARN_UNUSED_FUNCTION = YES;
				GCC_WARN_UNUSED_VARIABLE = YES;
				IPHONEOS_DEPLOYMENT_TARGET = 16.4;
				MTL_ENABLE_DEBUG_INFO = NO;
				MTL_FAST_MATH = YES;
				SDKROOT = iphoneos;
				SWIFT_COMPILATION_MODE = wholemodule;
				SWIFT_OPTIMIZATION_LEVEL = "-O";
				VALIDATE_PRODUCT = YES;
			};
			name = Release;
		};
		0345E14B2A38EA3B006B6B34 /* Debug */ = {
			isa = XCBuildConfiguration;
			buildSettings = {
				ASSETCATALOG_COMPILER_APPICON_NAME = AppIcon;
				ASSETCATALOG_COMPILER_GLOBAL_ACCENT_COLOR_NAME = AccentColor;
				CODE_SIGN_STYLE = Automatic;
				CURRENT_PROJECT_VERSION = 1;
				DEVELOPMENT_ASSET_PATHS = "\"CalloriesMe/Preview Content\"";
				ENABLE_PREVIEWS = YES;
				GENERATE_INFOPLIST_FILE = YES;
				INFOPLIST_KEY_UIApplicationSceneManifest_Generation = YES;
				INFOPLIST_KEY_UIApplicationSupportsIndirectInputEvents = YES;
				INFOPLIST_KEY_UILaunchScreen_Generation = YES;
				INFOPLIST_KEY_UISupportedInterfaceOrientations_iPad = "UIInterfaceOrientationPortrait UIInterfaceOrientationPortraitUpsideDown UIInterfaceOrientationLandscapeLeft UIInterfaceOrientationLandscapeRight";
				INFOPLIST_KEY_UISupportedInterfaceOrientations_iPhone = "UIInterfaceOrientationPortrait UIInterfaceOrientationLandscapeLeft UIInterfaceOrientationLandscapeRight";
				LD_RUNPATH_SEARCH_PATHS = (
					"$(inherited)",
					"@executable_path/Frameworks",
				);
				MARKETING_VERSION = 1.0;
				PRODUCT_BUNDLE_IDENTIFIER = com.yarmcfly.CalloriesMe;
				PRODUCT_NAME = "$(TARGET_NAME)";
				SWIFT_EMIT_LOC_STRINGS = YES;
				SWIFT_VERSION = 5.0;
				TARGETED_DEVICE_FAMILY = "1,2";
			};
			name = Debug;
		};
		0345E14C2A38EA3B006B6B34 /* Release */ = {
			isa = XCBuildConfiguration;
			buildSettings = {
				ASSETCATALOG_COMPILER_APPICON_NAME = AppIcon;
				ASSETCATALOG_COMPILER_GLOBAL_ACCENT_COLOR_NAME = AccentColor;
				CODE_SIGN_STYLE = Automatic;
				CURRENT_PROJECT_VERSION = 1;
				DEVELOPMENT_ASSET_PATHS = "\"CalloriesMe/Preview Content\"";
				ENABLE_PREVIEWS = YES;
				GENERATE_INFOPLIST_FILE = YES;
				INFOPLIST_KEY_UIApplicationSceneManifest_Generation = YES;
				INFOPLIST_KEY_UIApplicationSupportsIndirectInputEvents = YES;
				INFOPLIST_KEY_UILaunchScreen_Generation = YES;
				INFOPLIST_KEY_UISupportedInterfaceOrientations_iPad = "UIInterfaceOrientationPortrait UIInterfaceOrientationPortraitUpsideDown UIInterfaceOrientationLandscapeLeft UIInterfaceOrientationLandscapeRight";
				INFOPLIST_KEY_UISupportedInterfaceOrientations_iPhone = "UIInterfaceOrientationPortrait UIInterfaceOrientationLandscapeLeft UIInterfaceOrientationLandscapeRight";
				LD_RUNPATH_SEARCH_PATHS = (
					"$(inherited)",
					"@executable_path/Frameworks",
				);
				MARKETING_VERSION = 1.0;
				PRODUCT_BUNDLE_IDENTIFIER = com.yarmcfly.CalloriesMe;
				PRODUCT_NAME = "$(TARGET_NAME)";
				SWIFT_EMIT_LOC_STRINGS = YES;
				SWIFT_VERSION = 5.0;
				TARGETED_DEVICE_FAMILY = "1,2";
			};
			name = Release;
		};
/* End XCBuildConfiguration section */

/* Begin XCConfigurationList section */
		0345E1372A38EA3A006B6B34 /* Build configuration list for PBXProject "CalloriesMe" */ = {
			isa = XCConfigurationList;
			buildConfigurations = (
				0345E1482A38EA3B006B6B34 /* Debug */,
				0345E1492A38EA3B006B6B34 /* Release */,
			);
			defaultConfigurationIsVisible = 0;
			defaultConfigurationName = Release;
		};
		0345E14A2A38EA3B006B6B34 /* Build configuration list for PBXNativeTarget "CalloriesMe" */ = {
			isa = XCConfigurationList;
			buildConfigurations = (
				0345E14B2A38EA3B006B6B34 /* Debug */,
				0345E14C2A38EA3B006B6B34 /* Release */,
			);
			defaultConfigurationIsVisible = 0;
			defaultConfigurationName = Release;
		};
/* End XCConfigurationList section */

/* Begin XCVersionGroup section */
		0345E14E2A38EAE8006B6B34 /* FoodModel.xcdatamodeld */ = {
			isa = XCVersionGroup;
			children = (
				0345E14F2A38EAE8006B6B34 /* FoodModel.xcdatamodel */,
			);
			currentVersion = 0345E14F2A38EAE8006B6B34 /* FoodModel.xcdatamodel */;
			path = FoodModel.xcdatamodeld;
			sourceTree = "<group>";
			versionGroupType = wrapper.xcdatamodel;
		};
/* End XCVersionGroup section */
	};
	rootObject = 0345E1342A38EA3A006B6B34 /* Project object */;
}
